
Microsoft Visual Studio Solution File, Format Version 12.00
# Visual Studio 15
VisualStudioVersion = 15.0.28307.757
MinimumVisualStudioVersion = 10.0.40219.1
Project("{FAE04EC0-301F-11D3-BF4B-00C04F79EFBC}") = "WordWebAddIn2", "WordWebAddIn2\WordWebAddIn2.csproj", "{F47254ED-34A8-402C-A044-A09554564D45}"
EndProject
Project("{FAE04EC0-301F-11D3-BF4B-00C04F79EFBC}") = "WordWebAddIn2Web", "WordWebAddIn2Web\WordWebAddIn2Web.csproj", "{B14999B3-B386-4C21-86D9-75689FD0DB5D}"
EndProject
Global
	GlobalSection(SolutionConfigurationPlatforms) = preSolution
		Debug|Any CPU = Debug|Any CPU
		Release|Any CPU = Release|Any CPU
	EndGlobalSection
	GlobalSection(ProjectConfigurationPlatforms) = postSolution
		{F47254ED-34A8-402C-A044-A09554564D45}.Debug|Any CPU.ActiveCfg = Debug|Any CPU
		{F47254ED-34A8-402C-A044-A09554564D45}.Debug|Any CPU.Build.0 = Debug|Any CPU
		{F47254ED-34A8-402C-A044-A09554564D45}.Debug|Any CPU.Deploy.0 = Debug|Any CPU
		{F47254ED-34A8-402C-A044-A09554564D45}.Release|Any CPU.ActiveCfg = Release|Any CPU
		{F47254ED-34A8-402C-A044-A09554564D45}.Release|Any CPU.Build.0 = Release|Any CPU
		{F47254ED-34A8-402C-A044-A09554564D45}.Release|Any CPU.Deploy.0 = Release|Any CPU
		{B14999B3-B386-4C21-86D9-75689FD0DB5D}.Debug|Any CPU.ActiveCfg = Debug|Any CPU
		{B14999B3-B386-4C21-86D9-75689FD0DB5D}.Debug|Any CPU.Build.0 = Debug|Any CPU
		{B14999B3-B386-4C21-86D9-75689FD0DB5D}.Release|Any CPU.ActiveCfg = Release|Any CPU
		{B14999B3-B386-4C21-86D9-75689FD0DB5D}.Release|Any CPU.Build.0 = Release|Any CPU
	EndGlobalSection
	GlobalSection(SolutionProperties) = preSolution
		HideSolutionNode = FALSE
	EndGlobalSection
	GlobalSection(ExtensibilityGlobals) = postSolution
		SolutionGuid = {3F33D75C-CE20-4DF7-8069-DE152AF5D6F0}
	EndGlobalSection
EndGlobal
